
Microsoft Visual Studio Solution File, Format Version 12.00
# Visual Studio Version 17
VisualStudioVersion = 17.0.31903.59
MinimumVisualStudioVersion = 10.0.40219.1
Project("{2150E333-8FDC-42A3-9474-1A3956D46DE8}") = "lw", "lw", "{19011DA5-7979-471C-9227-22BBEA94CF90}"
EndProject
Project("{F2A71F9B-5D33-465A-A702-920D77279786}") = "lw02", "lw\02\lw02.fsproj", "{47C70C53-0319-4552-9255-8CDC712A03B0}"
EndProject
Global
	GlobalSection(SolutionConfigurationPlatforms) = preSolution
		Debug|Any CPU = Debug|Any CPU
		Release|Any CPU = Release|Any CPU
	EndGlobalSection
	GlobalSection(SolutionProperties) = preSolution
		HideSolutionNode = FALSE
	EndGlobalSection
	GlobalSection(ProjectConfigurationPlatforms) = postSolution
		{47C70C53-0319-4552-9255-8CDC712A03B0}.Debug|Any CPU.ActiveCfg = Debug|Any CPU
		{47C70C53-0319-4552-9255-8CDC712A03B0}.Debug|Any CPU.Build.0 = Debug|Any CPU
		{47C70C53-0319-4552-9255-8CDC712A03B0}.Release|Any CPU.ActiveCfg = Release|Any CPU
		{47C70C53-0319-4552-9255-8CDC712A03B0}.Release|Any CPU.Build.0 = Release|Any CPU
	EndGlobalSection
	GlobalSection(NestedProjects) = preSolution
		{47C70C53-0319-4552-9255-8CDC712A03B0} = {19011DA5-7979-471C-9227-22BBEA94CF90}
	EndGlobalSection
EndGlobal
